Microsoft Visual Studio Solution File, Format Version 12.00
# Visual Studio Version 16
VisualStudioVersion = 16.0.0.0
MinimumVisualStudioVersion = 16.0.0.0
Project("{9A19103F-16F7-4668-BE54-9A1E7A4F7556}") = "InventoryManagement.Web", "InventoryManagement.Web\InventoryManagement.Web.csproj", "{0CEB1D51-1CCB-4247-9B9F-E5CBC1FB5684}"
EndProject
Project("{9A19103F-16F7-4668-BE54-9A1E7A4F7556}") = "InventoryManagement.Web.Client", "InventoryManagement.Web.Client\InventoryManagement.Web.Client.csproj", "{59771B3A-B7F5-4D0C-8A01-0FADA417ED97}"
EndProject
Global
	GlobalSection(SolutionConfigurationPlatforms) = preSolution
		Debug|Any CPU = Debug|Any CPU
		Debug|x64 = Debug|x64
		Debug|x86 = Debug|x86
		Release|Any CPU = Release|Any CPU
		Release|x64 = Release|x64
		Release|x86 = Release|x86
	EndGlobalSection
	GlobalSection(ProjectConfigurationPlatforms) = postSolution
		{59771B3A-B7F5-4D0C-8A01-0FADA417ED97}.Debug|Any CPU.ActiveCfg = Debug|Any CPU
		{59771B3A-B7F5-4D0C-8A01-0FADA417ED97}.Debug|Any CPU.Build.0 = Debug|Any CPU
		{59771B3A-B7F5-4D0C-8A01-0FADA417ED97}.Debug|x64.ActiveCfg = Debug|Any CPU
		{59771B3A-B7F5-4D0C-8A01-0FADA417ED97}.Debug|x64.Build.0 = Debug|Any CPU
		{59771B3A-B7F5-4D0C-8A01-0FADA417ED97}.Debug|x86.ActiveCfg = Debug|Any CPU
		{59771B3A-B7F5-4D0C-8A01-0FADA417ED97}.Debug|x86.Build.0 = Debug|Any CPU
		{59771B3A-B7F5-4D0C-8A01-0FADA417ED97}.Release|Any CPU.ActiveCfg = Release|Any CPU
		{59771B3A-B7F5-4D0C-8A01-0FADA417ED97}.Release|Any CPU.Build.0 = Release|Any CPU
		{59771B3A-B7F5-4D0C-8A01-0FADA417ED97}.Release|x64.ActiveCfg = Release|Any CPU
		{59771B3A-B7F5-4D0C-8A01-0FADA417ED97}.Release|x64.Build.0 = Release|Any CPU
		{59771B3A-B7F5-4D0C-8A01-0FADA417ED97}.Release|x86.ActiveCfg = Release|Any CPU
		{59771B3A-B7F5-4D0C-8A01-0FADA417ED97}.Release|x86.Build.0 = Release|Any CPU
		{0CEB1D51-1CCB-4247-9B9F-E5CBC1FB5684}.Debug|Any CPU.ActiveCfg = Debug|Any CPU
		{0CEB1D51-1CCB-4247-9B9F-E5CBC1FB5684}.Debug|Any CPU.Build.0 = Debug|Any CPU
		{0CEB1D51-1CCB-4247-9B9F-E5CBC1FB5684}.Debug|x64.ActiveCfg = Debug|Any CPU
		{0CEB1D51-1CCB-4247-9B9F-E5CBC1FB5684}.Debug|x64.Build.0 = Debug|Any CPU
		{0CEB1D51-1CCB-4247-9B9F-E5CBC1FB5684}.Debug|x86.ActiveCfg = Debug|Any CPU
		{0CEB1D51-1CCB-4247-9B9F-E5CBC1FB5684}.Debug|x86.Build.0 = Debug|Any CPU
		{0CEB1D51-1CCB-4247-9B9F-E5CBC1FB5684}.Release|Any CPU.ActiveCfg = Release|Any CPU
		{0CEB1D51-1CCB-4247-9B9F-E5CBC1FB5684}.Release|Any CPU.Build.0 = Release|Any CPU
		{0CEB1D51-1CCB-4247-9B9F-E5CBC1FB5684}.Release|x64.ActiveCfg = Release|Any CPU
		{0CEB1D51-1CCB-4247-9B9F-E5CBC1FB5684}.Release|x64.Build.0 = Release|Any CPU
		{0CEB1D51-1CCB-4247-9B9F-E5CBC1FB5684}.Release|x86.ActiveCfg = Release|Any CPU
		{0CEB1D51-1CCB-4247-9B9F-E5CBC1FB5684}.Release|x86.Build.0 = Release|Any CPU
	EndGlobalSection
	GlobalSection(SolutionProperties) = preSolution
		HideSolutionNode = FALSE
	EndGlobalSection
	GlobalSection(ExtensibilityGlobals) = postSolution
		SolutionGuid = {0834DF1F-E476-40E1-AD77-47500FD5D9DD}
	EndGlobalSection
EndGlobal
